
Microsoft Visual Studio Solution File, Format Version 11.00
# Visual Studio 2010
Project("{8BC9CEB8-8B4A-11D0-8D11-00A0C91BC942}") = "Globe", "Globe.vcxproj", "{733B860D-21D5-4E1D-B253-0194596F98A5}"
EndProject
Global
	GlobalSection(SolutionConfigurationPlatforms) = preSolution
		DllDebug|Win32 = DllDebug|Win32
		DllRelease|Win32 = DllRelease|Win32
		LibDebug|Win32 = LibDebug|Win32
		LibRelease|Win32 = LibRelease|Win32
	EndGlobalSection
	GlobalSection(ProjectConfigurationPlatforms) = postSolution
		{733B860D-21D5-4E1D-B253-0194596F98A5}.DllDebug|Win32.ActiveCfg = DllDebug|Win32
		{733B860D-21D5-4E1D-B253-0194596F98A5}.DllDebug|Win32.Build.0 = DllDebug|Win32
		{733B860D-21D5-4E1D-B253-0194596F98A5}.DllRelease|Win32.ActiveCfg = DllRelease|Win32
		{733B860D-21D5-4E1D-B253-0194596F98A5}.DllRelease|Win32.Build.0 = DllRelease|Win32
		{733B860D-21D5-4E1D-B253-0194596F98A5}.LibDebug|Win32.ActiveCfg = LibDebug|Win32
		{733B860D-21D5-4E1D-B253-0194596F98A5}.LibDebug|Win32.Build.0 = LibDebug|Win32
		{733B860D-21D5-4E1D-B253-0194596F98A5}.LibRelease|Win32.ActiveCfg = LibRelease|Win32
		{733B860D-21D5-4E1D-B253-0194596F98A5}.LibRelease|Win32.Build.0 = LibRelease|Win32
	EndGlobalSection
	GlobalSection(SolutionProperties) = preSolution
		HideSolutionNode = FALSE
	EndGlobalSection
EndGlobal
